
Microsoft Visual Studio Solution File, Format Version 12.00
# Visual Studio Version 16
VisualStudioVersion = 16.0.32106.194
MinimumVisualStudioVersion = 10.0.40219.1
Project("{FAE04EC0-301F-11D3-BF4B-00C04F79EFBC}") = "PingPong.Server", "PingPong.Server\PingPong.Server.csproj", "{F739252F-4853-49E0-AFFF-48C29C25DF25}"
EndProject
Project("{FAE04EC0-301F-11D3-BF4B-00C04F79EFBC}") = "PingPong.Client", "PingPong.Client\PingPong.Client.csproj", "{661191FD-EEDB-4DD4-B0E7-4E68CC2D9543}"
EndProject
Project("{FAE04EC0-301F-11D3-BF4B-00C04F79EFBC}") = "PingPong.Common", "PingPong.Common\PingPong.Common.csproj", "{FFAF974E-65D2-47BB-BBF4-A3519D6AC0A2}"
EndProject
Project("{FAE04EC0-301F-11D3-BF4B-00C04F79EFBC}") = "PingPong.Common.Logic", "PingPong.Common.Logic\PingPong.Common.Logic.csproj", "{6BDC9A15-04EF-46A2-9AE9-EE50C20F2B13}"
EndProject
Project("{FAE04EC0-301F-11D3-BF4B-00C04F79EFBC}") = "PingPong.Client.Logic", "PingPong.Client.Logic\PingPong.Client.Logic.csproj", "{0D03EABC-FB78-4F74-BD51-91C8E5675059}"
EndProject
Project("{FAE04EC0-301F-11D3-BF4B-00C04F79EFBC}") = "PingPong.Client.Presentation", "PingPong.Client.Presentation\PingPong.Client.Presentation.csproj", "{CC185902-2A1E-4B1B-BF09-79DD301784DD}"
EndProject
Project("{FAE04EC0-301F-11D3-BF4B-00C04F79EFBC}") = "PingPong.Common.Presentation", "PingPong.Common.Presentation\PingPong.Common.Presentation.csproj", "{24A01D5C-D603-45AD-B77A-84C8F8BA872F}"
EndProject
Project("{FAE04EC0-301F-11D3-BF4B-00C04F79EFBC}") = "PingPong.Common.ConsolePresentation", "PingPong.Common.ConsolePresentation\PingPong.Common.ConsolePresentation.csproj", "{D97DC925-CC40-4EBD-BFD6-30C683B6058F}"
EndProject
Global
	GlobalSection(SolutionConfigurationPlatforms) = preSolution
		Debug|Any CPU = Debug|Any CPU
		Release|Any CPU = Release|Any CPU
	EndGlobalSection
	GlobalSection(ProjectConfigurationPlatforms) = postSolution
		{F739252F-4853-49E0-AFFF-48C29C25DF25}.Debug|Any CPU.ActiveCfg = Debug|Any CPU
		{F739252F-4853-49E0-AFFF-48C29C25DF25}.Debug|Any CPU.Build.0 = Debug|Any CPU
		{F739252F-4853-49E0-AFFF-48C29C25DF25}.Release|Any CPU.ActiveCfg = Release|Any CPU
		{F739252F-4853-49E0-AFFF-48C29C25DF25}.Release|Any CPU.Build.0 = Release|Any CPU
		{661191FD-EEDB-4DD4-B0E7-4E68CC2D9543}.Debug|Any CPU.ActiveCfg = Debug|Any CPU
		{661191FD-EEDB-4DD4-B0E7-4E68CC2D9543}.Debug|Any CPU.Build.0 = Debug|Any CPU
		{661191FD-EEDB-4DD4-B0E7-4E68CC2D9543}.Release|Any CPU.ActiveCfg = Release|Any CPU
		{661191FD-EEDB-4DD4-B0E7-4E68CC2D9543}.Release|Any CPU.Build.0 = Release|Any CPU
		{FFAF974E-65D2-47BB-BBF4-A3519D6AC0A2}.Debug|Any CPU.ActiveCfg = Debug|Any CPU
		{FFAF974E-65D2-47BB-BBF4-A3519D6AC0A2}.Debug|Any CPU.Build.0 = Debug|Any CPU
		{FFAF974E-65D2-47BB-BBF4-A3519D6AC0A2}.Release|Any CPU.ActiveCfg = Release|Any CPU
		{FFAF974E-65D2-47BB-BBF4-A3519D6AC0A2}.Release|Any CPU.Build.0 = Release|Any CPU
		{6BDC9A15-04EF-46A2-9AE9-EE50C20F2B13}.Debug|Any CPU.ActiveCfg = Debug|Any CPU
		{6BDC9A15-04EF-46A2-9AE9-EE50C20F2B13}.Debug|Any CPU.Build.0 = Debug|Any CPU
		{6BDC9A15-04EF-46A2-9AE9-EE50C20F2B13}.Release|Any CPU.ActiveCfg = Release|Any CPU
		{6BDC9A15-04EF-46A2-9AE9-EE50C20F2B13}.Release|Any CPU.Build.0 = Release|Any CPU
		{0D03EABC-FB78-4F74-BD51-91C8E5675059}.Debug|Any CPU.ActiveCfg = Debug|Any CPU
		{0D03EABC-FB78-4F74-BD51-91C8E5675059}.Debug|Any CPU.Build.0 = Debug|Any CPU
		{0D03EABC-FB78-4F74-BD51-91C8E5675059}.Release|Any CPU.ActiveCfg = Release|Any CPU
		{0D03EABC-FB78-4F74-BD51-91C8E5675059}.Release|Any CPU.Build.0 = Release|Any CPU
		{CC185902-2A1E-4B1B-BF09-79DD301784DD}.Debug|Any CPU.ActiveCfg = Debug|Any CPU
		{CC185902-2A1E-4B1B-BF09-79DD301784DD}.Debug|Any CPU.Build.0 = Debug|Any CPU
		{CC185902-2A1E-4B1B-BF09-79DD301784DD}.Release|Any CPU.ActiveCfg = Release|Any CPU
		{CC185902-2A1E-4B1B-BF09-79DD301784DD}.Release|Any CPU.Build.0 = Release|Any CPU
		{24A01D5C-D603-45AD-B77A-84C8F8BA872F}.Debug|Any CPU.ActiveCfg = Debug|Any CPU
		{24A01D5C-D603-45AD-B77A-84C8F8BA872F}.Debug|Any CPU.Build.0 = Debug|Any CPU
		{24A01D5C-D603-45AD-B77A-84C8F8BA872F}.Release|Any CPU.ActiveCfg = Release|Any CPU
		{24A01D5C-D603-45AD-B77A-84C8F8BA872F}.Release|Any CPU.Build.0 = Release|Any CPU
		{D97DC925-CC40-4EBD-BFD6-30C683B6058F}.Debug|Any CPU.ActiveCfg = Debug|Any CPU
		{D97DC925-CC40-4EBD-BFD6-30C683B6058F}.Debug|Any CPU.Build.0 = Debug|Any CPU
		{D97DC925-CC40-4EBD-BFD6-30C683B6058F}.Release|Any CPU.ActiveCfg = Release|Any CPU
		{D97DC925-CC40-4EBD-BFD6-30C683B6058F}.Release|Any CPU.Build.0 = Release|Any CPU
	EndGlobalSection
	GlobalSection(SolutionProperties) = preSolution
		HideSolutionNode = FALSE
	EndGlobalSection
	GlobalSection(ExtensibilityGlobals) = postSolution
		SolutionGuid = {886919A6-B1E5-40F0-9BBD-81ED570BE072}
	EndGlobalSection
EndGlobal
